
Microsoft Visual Studio Solution File, Format Version 12.00
# Visual Studio Version 16
VisualStudioVersion = 16.0.30907.101
MinimumVisualStudioVersion = 10.0.40219.1
Project("{FAE04EC0-301F-11D3-BF4B-00C04F79EFBC}") = "chat", "chat\chat.csproj", "{D9BB4E3F-5F40-4091-8E72-4FF7665B0EC2}"
EndProject
Global
	GlobalSection(SolutionConfigurationPlatforms) = preSolution
		Debug|Any CPU = Debug|Any CPU
		Release|Any CPU = Release|Any CPU
	EndGlobalSection
	GlobalSection(ProjectConfigurationPlatforms) = postSolution
		{D9BB4E3F-5F40-4091-8E72-4FF7665B0EC2}.Debug|Any CPU.ActiveCfg = Debug|Any CPU
		{D9BB4E3F-5F40-4091-8E72-4FF7665B0EC2}.Debug|Any CPU.Build.0 = Debug|Any CPU
		{D9BB4E3F-5F40-4091-8E72-4FF7665B0EC2}.Release|Any CPU.ActiveCfg = Release|Any CPU
		{D9BB4E3F-5F40-4091-8E72-4FF7665B0EC2}.Release|Any CPU.Build.0 = Release|Any CPU
	EndGlobalSection
	GlobalSection(SolutionProperties) = preSolution
		HideSolutionNode = FALSE
	EndGlobalSection
	GlobalSection(ExtensibilityGlobals) = postSolution
		SolutionGuid = {3E3670C3-DF14-4A54-83E9-E2AD0CBF2A10}
	EndGlobalSection
EndGlobal
